
Microsoft Visual Studio Solution File, Format Version 12.00
# Visual Studio 15
VisualStudioVersion = 15.0.26730.12
MinimumVisualStudioVersion = 10.0.40219.1
Project("{8BC9CEB8-8B4A-11D0-8D11-00A0C91BC942}") = "0823", "0823\0823.vcxproj", "{E1DEF313-369C-4A59-BCE4-1DB8C1717026}"
EndProject
Project("{8BC9CEB8-8B4A-11D0-8D11-00A0C91BC942}") = "0830", "0830\0830.vcxproj", "{BE320D8D-8E51-4217-9744-90BE04949E12}"
EndProject
Project("{8BC9CEB8-8B4A-11D0-8D11-00A0C91BC942}") = "0913", "0913\0913.vcxproj", "{7AA53CF4-DB5A-4BAF-90BF-05FB3BE43A2A}"
EndProject
Project("{8BC9CEB8-8B4A-11D0-8D11-00A0C91BC942}") = "0906", "0906\0906.vcxproj", "{D6D185BA-29DD-4F46-A623-DFBE91631B92}"
EndProject
Project("{8BC9CEB8-8B4A-11D0-8D11-00A0C91BC942}") = "0920", "0920\0920.vcxproj", "{87C75493-7F94-46B9-B993-C33EE1A195D3}"
EndProject
Project("{8BC9CEB8-8B4A-11D0-8D11-00A0C91BC942}") = "0927", "0927\0927.vcxproj", "{6BF33AE9-5757-457E-8946-A1CA67946BB5}"
EndProject
Project("{8BC9CEB8-8B4A-11D0-8D11-00A0C91BC942}") = "1011", "1011\1011.vcxproj", "{2373F4E7-F37B-4C0C-9EDF-FD478467A0A6}"
EndProject
Project("{8BC9CEB8-8B4A-11D0-8D11-00A0C91BC942}") = "1018", "1018\1018.vcxproj", "{7232712A-0131-45FA-A9C7-696E446B1603}"
EndProject
Project("{8BC9CEB8-8B4A-11D0-8D11-00A0C91BC942}") = "1101", "1101\1101.vcxproj", "{F7E92B59-97CC-4E1A-B78F-30FB22854F7E}"
EndProject
Project("{8BC9CEB8-8B4A-11D0-8D11-00A0C91BC942}") = "1115", "1115\1115.vcxproj", "{13E244E3-3573-4B3F-A090-079752E481DF}"
EndProject
Global
	GlobalSection(SolutionConfigurationPlatforms) = preSolution
		Debug|x64 = Debug|x64
		Debug|x86 = Debug|x86
		Release|x64 = Release|x64
		Release|x86 = Release|x86
	EndGlobalSection
	GlobalSection(ProjectConfigurationPlatforms) = postSolution
		{E1DEF313-369C-4A59-BCE4-1DB8C1717026}.Debug|x64.ActiveCfg = Debug|x64
		{E1DEF313-369C-4A59-BCE4-1DB8C1717026}.Debug|x64.Build.0 = Debug|x64
		{E1DEF313-369C-4A59-BCE4-1DB8C1717026}.Debug|x86.ActiveCfg = Debug|Win32
		{E1DEF313-369C-4A59-BCE4-1DB8C1717026}.Debug|x86.Build.0 = Debug|Win32
		{E1DEF313-369C-4A59-BCE4-1DB8C1717026}.Release|x64.ActiveCfg = Release|x64
		{E1DEF313-369C-4A59-BCE4-1DB8C1717026}.Release|x64.Build.0 = Release|x64
		{E1DEF313-369C-4A59-BCE4-1DB8C1717026}.Release|x86.ActiveCfg = Release|Win32
		{E1DEF313-369C-4A59-BCE4-1DB8C1717026}.Release|x86.Build.0 = Release|Win32
		{BE320D8D-8E51-4217-9744-90BE04949E12}.Debug|x64.ActiveCfg = Debug|x64
		{BE320D8D-8E51-4217-9744-90BE04949E12}.Debug|x64.Build.0 = Debug|x64
		{BE320D8D-8E51-4217-9744-90BE04949E12}.Debug|x86.ActiveCfg = Debug|Win32
		{BE320D8D-8E51-4217-9744-90BE04949E12}.Debug|x86.Build.0 = Debug|Win32
		{BE320D8D-8E51-4217-9744-90BE04949E12}.Release|x64.ActiveCfg = Release|x64
		{BE320D8D-8E51-4217-9744-90BE04949E12}.Release|x64.Build.0 = Release|x64
		{BE320D8D-8E51-4217-9744-90BE04949E12}.Release|x86.ActiveCfg = Release|Win32
		{BE320D8D-8E51-4217-9744-90BE04949E12}.Release|x86.Build.0 = Release|Win32
		{7AA53CF4-DB5A-4BAF-90BF-05FB3BE43A2A}.Debug|x64.ActiveCfg = Debug|x64
		{7AA53CF4-DB5A-4BAF-90BF-05FB3BE43A2A}.Debug|x64.Build.0 = Debug|x64
		{7AA53CF4-DB5A-4BAF-90BF-05FB3BE43A2A}.Debug|x86.ActiveCfg = Debug|Win32
		{7AA53CF4-DB5A-4BAF-90BF-05FB3BE43A2A}.Debug|x86.Build.0 = Debug|Win32
		{7AA53CF4-DB5A-4BAF-90BF-05FB3BE43A2A}.Release|x64.ActiveCfg = Release|x64
		{7AA53CF4-DB5A-4BAF-90BF-05FB3BE43A2A}.Release|x64.Build.0 = Release|x64
		{7AA53CF4-DB5A-4BAF-90BF-05FB3BE43A2A}.Release|x86.ActiveCfg = Release|Win32
		{7AA53CF4-DB5A-4BAF-90BF-05FB3BE43A2A}.Release|x86.Build.0 = Release|Win32
		{D6D185BA-29DD-4F46-A623-DFBE91631B92}.Debug|x64.ActiveCfg = Debug|x64
		{D6D185BA-29DD-4F46-A623-DFBE91631B92}.Debug|x64.Build.0 = Debug|x64
		{D6D185BA-29DD-4F46-A623-DFBE91631B92}.Debug|x86.ActiveCfg = Debug|Win32
		{D6D185BA-29DD-4F46-A623-DFBE91631B92}.Debug|x86.Build.0 = Debug|Win32
		{D6D185BA-29DD-4F46-A623-DFBE91631B92}.Release|x64.ActiveCfg = Release|x64
		{D6D185BA-29DD-4F46-A623-DFBE91631B92}.Release|x64.Build.0 = Release|x64
		{D6D185BA-29DD-4F46-A623-DFBE91631B92}.Release|x86.ActiveCfg = Release|Win32
		{D6D185BA-29DD-4F46-A623-DFBE91631B92}.Release|x86.Build.0 = Release|Win32
		{87C75493-7F94-46B9-B993-C33EE1A195D3}.Debug|x64.ActiveCfg = Debug|x64
		{87C75493-7F94-46B9-B993-C33EE1A195D3}.Debug|x64.Build.0 = Debug|x64
		{87C75493-7F94-46B9-B993-C33EE1A195D3}.Debug|x86.ActiveCfg = Debug|Win32
		{87C75493-7F94-46B9-B993-C33EE1A195D3}.Debug|x86.Build.0 = Debug|Win32
		{87C75493-7F94-46B9-B993-C33EE1A195D3}.Release|x64.ActiveCfg = Release|x64
		{87C75493-7F94-46B9-B993-C33EE1A195D3}.Release|x64.Build.0 = Release|x64
		{87C75493-7F94-46B9-B993-C33EE1A195D3}.Release|x86.ActiveCfg = Release|Win32
		{87C75493-7F94-46B9-B993-C33EE1A195D3}.Release|x86.Build.0 = Release|Win32
		{6BF33AE9-5757-457E-8946-A1CA67946BB5}.Debug|x64.ActiveCfg = Debug|x64
		{6BF33AE9-5757-457E-8946-A1CA67946BB5}.Debug|x64.Build.0 = Debug|x64
		{6BF33AE9-5757-457E-8946-A1CA67946BB5}.Debug|x86.ActiveCfg = Debug|Win32
		{6BF33AE9-5757-457E-8946-A1CA67946BB5}.Debug|x86.Build.0 = Debug|Win32
		{6BF33AE9-5757-457E-8946-A1CA67946BB5}.Release|x64.ActiveCfg = Release|x64
		{6BF33AE9-5757-457E-8946-A1CA67946BB5}.Release|x64.Build.0 = Release|x64
		{6BF33AE9-5757-457E-8946-A1CA67946BB5}.Release|x86.ActiveCfg = Release|Win32
		{6BF33AE9-5757-457E-8946-A1CA67946BB5}.Release|x86.Build.0 = Release|Win32
		{2373F4E7-F37B-4C0C-9EDF-FD478467A0A6}.Debug|x64.ActiveCfg = Debug|x64
		{2373F4E7-F37B-4C0C-9EDF-FD478467A0A6}.Debug|x64.Build.0 = Debug|x64
		{2373F4E7-F37B-4C0C-9EDF-FD478467A0A6}.Debug|x86.ActiveCfg = Debug|Win32
		{2373F4E7-F37B-4C0C-9EDF-FD478467A0A6}.Debug|x86.Build.0 = Debug|Win32
		{2373F4E7-F37B-4C0C-9EDF-FD478467A0A6}.Release|x64.ActiveCfg = Release|x64
		{2373F4E7-F37B-4C0C-9EDF-FD478467A0A6}.Release|x64.Build.0 = Release|x64
		{2373F4E7-F37B-4C0C-9EDF-FD478467A0A6}.Release|x86.ActiveCfg = Release|Win32
		{2373F4E7-F37B-4C0C-9EDF-FD478467A0A6}.Release|x86.Build.0 = Release|Win32
		{7232712A-0131-45FA-A9C7-696E446B1603}.Debug|x64.ActiveCfg = Debug|x64
		{7232712A-0131-45FA-A9C7-696E446B1603}.Debug|x64.Build.0 = Debug|x64
		{7232712A-0131-45FA-A9C7-696E446B1603}.Debug|x86.ActiveCfg = Debug|Win32
		{7232712A-0131-45FA-A9C7-696E446B1603}.Debug|x86.Build.0 = Debug|Win32
		{7232712A-0131-45FA-A9C7-696E446B1603}.Release|x64.ActiveCfg = Release|x64
		{7232712A-0131-45FA-A9C7-696E446B1603}.Release|x64.Build.0 = Release|x64
		{7232712A-0131-45FA-A9C7-696E446B1603}.Release|x86.ActiveCfg = Release|Win32
		{7232712A-0131-45FA-A9C7-696E446B1603}.Release|x86.Build.0 = Release|Win32
		{F7E92B59-97CC-4E1A-B78F-30FB22854F7E}.Debug|x64.ActiveCfg = Debug|x64
		{F7E92B59-97CC-4E1A-B78F-30FB22854F7E}.Debug|x64.Build.0 = Debug|x64
		{F7E92B59-97CC-4E1A-B78F-30FB22854F7E}.Debug|x86.ActiveCfg = Debug|Win32
		{F7E92B59-97CC-4E1A-B78F-30FB22854F7E}.Debug|x86.Build.0 = Debug|Win32
		{F7E92B59-97CC-4E1A-B78F-30FB22854F7E}.Release|x64.ActiveCfg = Release|x64
		{F7E92B59-97CC-4E1A-B78F-30FB22854F7E}.Release|x64.Build.0 = Release|x64
		{F7E92B59-97CC-4E1A-B78F-30FB22854F7E}.Release|x86.ActiveCfg = Release|Win32
		{F7E92B59-97CC-4E1A-B78F-30FB22854F7E}.Release|x86.Build.0 = Release|Win32
		{13E244E3-3573-4B3F-A090-079752E481DF}.Debug|x64.ActiveCfg = Debug|x64
		{13E244E3-3573-4B3F-A090-079752E481DF}.Debug|x64.Build.0 = Debug|x64
		{13E244E3-3573-4B3F-A090-079752E481DF}.Debug|x86.ActiveCfg = Debug|Win32
		{13E244E3-3573-4B3F-A090-079752E481DF}.Debug|x86.Build.0 = Debug|Win32
		{13E244E3-3573-4B3F-A090-079752E481DF}.Release|x64.ActiveCfg = Release|x64
		{13E244E3-3573-4B3F-A090-079752E481DF}.Release|x64.Build.0 = Release|x64
		{13E244E3-3573-4B3F-A090-079752E481DF}.Release|x86.ActiveCfg = Release|Win32
		{13E244E3-3573-4B3F-A090-079752E481DF}.Release|x86.Build.0 = Release|Win32
	EndGlobalSection
	GlobalSection(SolutionProperties) = preSolution
		HideSolutionNode = FALSE
	EndGlobalSection
	GlobalSection(ExtensibilityGlobals) = postSolution
		SolutionGuid = {7D836FF3-4826-4289-B21E-A9973AF37BFA}
	EndGlobalSection
EndGlobal
